
Microsoft Visual Studio Solution File, Format Version 12.00
# Visual Studio Version 17
VisualStudioVersion = 17.4.33122.133
MinimumVisualStudioVersion = 10.0.40219.1
Project("{9A19103F-16F7-4668-BE54-9A1E7A4F7556}") = "LgtvNetworkController.Core", "LgtvNetworkController\LgtvNetworkController.Core.csproj", "{B6616AF7-BE77-462E-ADF2-D3917A420ECB}"
EndProject
Project("{FAE04EC0-301F-11D3-BF4B-00C04F79EFBC}") = "LgtvNetworkController.DependencyInjection", "LgtvNetworkController.DependencyInjection\LgtvNetworkController.DependencyInjection.csproj", "{27C0FCA4-1911-432D-876F-3A5FC17C27D5}"
EndProject
Project("{FAE04EC0-301F-11D3-BF4B-00C04F79EFBC}") = "TestProj", "TestProj\TestProj.csproj", "{7BD9A224-5595-4584-8195-2BDC54C53CA5}"
EndProject
Global
	GlobalSection(SolutionConfigurationPlatforms) = preSolution
		Debug|Any CPU = Debug|Any CPU
		Release|Any CPU = Release|Any CPU
	EndGlobalSection
	GlobalSection(ProjectConfigurationPlatforms) = postSolution
		{B6616AF7-BE77-462E-ADF2-D3917A420ECB}.Debug|Any CPU.ActiveCfg = Debug|Any CPU
		{B6616AF7-BE77-462E-ADF2-D3917A420ECB}.Debug|Any CPU.Build.0 = Debug|Any CPU
		{B6616AF7-BE77-462E-ADF2-D3917A420ECB}.Release|Any CPU.ActiveCfg = Release|Any CPU
		{B6616AF7-BE77-462E-ADF2-D3917A420ECB}.Release|Any CPU.Build.0 = Release|Any CPU
		{27C0FCA4-1911-432D-876F-3A5FC17C27D5}.Debug|Any CPU.ActiveCfg = Debug|Any CPU
		{27C0FCA4-1911-432D-876F-3A5FC17C27D5}.Debug|Any CPU.Build.0 = Debug|Any CPU
		{27C0FCA4-1911-432D-876F-3A5FC17C27D5}.Release|Any CPU.ActiveCfg = Release|Any CPU
		{27C0FCA4-1911-432D-876F-3A5FC17C27D5}.Release|Any CPU.Build.0 = Release|Any CPU
		{7BD9A224-5595-4584-8195-2BDC54C53CA5}.Debug|Any CPU.ActiveCfg = Debug|Any CPU
		{7BD9A224-5595-4584-8195-2BDC54C53CA5}.Debug|Any CPU.Build.0 = Debug|Any CPU
		{7BD9A224-5595-4584-8195-2BDC54C53CA5}.Release|Any CPU.ActiveCfg = Release|Any CPU
		{7BD9A224-5595-4584-8195-2BDC54C53CA5}.Release|Any CPU.Build.0 = Release|Any CPU
	EndGlobalSection
	GlobalSection(SolutionProperties) = preSolution
		HideSolutionNode = FALSE
	EndGlobalSection
	GlobalSection(ExtensibilityGlobals) = postSolution
		SolutionGuid = {14ECB1AD-70E1-4A9B-B0E8-E7BD2557AA2E}
	EndGlobalSection
EndGlobal
